# This file is autogenerated, do not edit; changes may be undone by the next 'dep ensure'.


[[projects]]
  branch = "master"
  digest = "1:420a25d3e0b5c88df3e842c9e7dd6110e0055fa60e562676f9e8e9532f5036f5"
  name = "github.com/AubSs/fasthttplogger"
  packages = ["."]
  pruneopts = "UT"
  revision = "7dab642e7dabf86dc3075609e76c98f954b5ad16"

[[projects]]
  digest = "1:9c5ce2fc44ac5119e9673407a0ce83762e637ce7071975f43ddfc9b58f674258"
  name = "github.com/fasthttp/router"
  packages = ["."]
  pruneopts = "UT"
  revision = "92cfccf78d55a54747a92d8500fbd6bdca17ca3a"
  version = "v0.2.0"

[[projects]]
  digest = "1:c0a566b3f376c6a2266930f91bba26b20ef1973940d0de2b361a05a964f299fe"
  name = "github.com/fasthttp/websocket"
  packages = ["."]
  pruneopts = "UT"
  revision = "cefc411b142525c927e2656b34a08f15a37da650"
  version = "v1.4.0"

[[projects]]
  digest = "1:aaa8e0e7e35d92e21daed3f241832cee73d15ca1cd3302ba3843159a959a7eac"
  name = "github.com/klauspost/compress"
  packages = [
    "flate",
    "gzip",
    "zlib",
  ]
  pruneopts = "UT"
  revision = "30be6041bed523c18e269a700ebd9c2ea9328574"
  version = "v1.4.1"

[[projects]]
  digest = "1:2d643962fac133904694fffa959bc3c5dcfdcee38c6f5ffdd99a3c93eb9c835c"
  name = "github.com/klauspost/cpuid"
  packages = ["."]
  pruneopts = "UT"
  revision = "e7e905edc00ea8827e58662220139109efea09db"
  version = "v1.2.0"

[[projects]]
  branch = "master"
  digest = "1:f52b91ab1b58aa5217d6094865dda519f75296c3884380526cd127bc19f02461"
  name = "github.com/valyala/bytebufferpool"
  packages = ["."]
  pruneopts = "UT"
  revision = "cdfbe9377474227bb42120c1e22fd4433e7f69bf"

[[projects]]
  branch = "master"
  digest = "1:c1c58ec13cfc946fd5f2f63321308ac4c806f6f74215c17943507dbe95c55720"
  name = "github.com/valyala/fasthttp"
  packages = [
    ".",
    "fasthttputil",
    "stackless",
  ]
  pruneopts = "UT"
  revision = "fcaab424cac756cafb79fb3c08b5a1bc6b7d63e7"

[solve-meta]
  analyzer-name = "dep"
  analyzer-version = 1
  input-imports = [
    "github.com/AubSs/fasthttplogger",
    "github.com/fasthttp/router",
    "github.com/fasthttp/websocket",
    "github.com/valyala/fasthttp",
  ]
  solver-name = "gps-cdcl"
  solver-version = 1
